# This file is automatically @generated by Cargo.
# It is not intended for manual editing.
[[package]]
name = "library_1"
version = "0.1.0"

[[package]]
name = "library_2"
version = "0.1.0"

[[package]]
name = "test12_cargo"
version = "0.1.0"
dependencies = [
 "library_1 0.1.0",
 "library_2 0.1.0",
]

