# This file is automatically @generated by Cargo.
# It is not intended for manual editing.
[[package]]
name = "futures"
version = "0.1.29"
source = "registry+https://github.com/rust-lang/crates.io-index"

[[package]]
name = "futures-cpupool"
version = "0.1.8"
source = "registry+https://github.com/rust-lang/crates.io-index"
dependencies = [
 "futures 0.1.29 (registry+https://github.com/rust-lang/crates.io-index)",
 "num_cpus 1.11.1 (registry+https://github.com/rust-lang/crates.io-index)",
]

[[package]]
name = "hermit-abi"
version = "0.1.5"
source = "registry+https://github.com/rust-lang/crates.io-index"
dependencies = [
 "libc 0.2.66 (registry+https://github.com/rust-lang/crates.io-index)",
]

[[package]]
name = "libc"
version = "0.2.66"
source = "registry+https://github.com/rust-lang/crates.io-index"

[[package]]
name = "num_cpus"
version = "1.11.1"
source = "registry+https://github.com/rust-lang/crates.io-index"
dependencies = [
 "hermit-abi 0.1.5 (registry+https://github.com/rust-lang/crates.io-index)",
 "libc 0.2.66 (registry+https://github.com/rust-lang/crates.io-index)",
]

[[package]]
name = "test20_cpupool"
version = "0.1.0"
dependencies = [
 "futures 0.1.29 (registry+https://github.com/rust-lang/crates.io-index)",
 "futures-cpupool 0.1.8 (registry+https://github.com/rust-lang/crates.io-index)",
]

[metadata]
"checksum futures 0.1.29 (registry+https://github.com/rust-lang/crates.io-index)" = "1b980f2816d6ee8673b6517b52cb0e808a180efc92e5c19d02cdda79066703ef"
"checksum futures-cpupool 0.1.8 (registry+https://github.com/rust-lang/crates.io-index)" = "ab90cde24b3319636588d0c35fe03b1333857621051837ed769faefb4c2162e4"
"checksum hermit-abi 0.1.5 (registry+https://github.com/rust-lang/crates.io-index)" = "f629dc602392d3ec14bfc8a09b5e644d7ffd725102b48b81e59f90f2633621d7"
"checksum libc 0.2.66 (registry+https://github.com/rust-lang/crates.io-index)" = "d515b1f41455adea1313a4a2ac8a8a477634fbae63cc6100e3aebb207ce61558"
"checksum num_cpus 1.11.1 (registry+https://github.com/rust-lang/crates.io-index)" = "76dac5ed2a876980778b8b85f75a71b6cbf0db0b1232ee12f826bccb00d09d72"
