# This file is automatically @generated by Cargo.
# It is not intended for manual editing.
[[package]]
name = "autocfg"
version = "1.0.0"
source = "registry+https://github.com/rust-lang/crates.io-index"

[[package]]
name = "fft_examples"
version = "0.1.0"
dependencies = [
 "rustfft 3.0.1 (registry+https://github.com/rust-lang/crates.io-index)",
]

[[package]]
name = "num-complex"
version = "0.2.4"
source = "registry+https://github.com/rust-lang/crates.io-index"
dependencies = [
 "autocfg 1.0.0 (registry+https://github.com/rust-lang/crates.io-index)",
 "num-traits 0.2.11 (registry+https://github.com/rust-lang/crates.io-index)",
]

[[package]]
name = "num-integer"
version = "0.1.42"
source = "registry+https://github.com/rust-lang/crates.io-index"
dependencies = [
 "autocfg 1.0.0 (registry+https://github.com/rust-lang/crates.io-index)",
 "num-traits 0.2.11 (registry+https://github.com/rust-lang/crates.io-index)",
]

[[package]]
name = "num-traits"
version = "0.2.11"
source = "registry+https://github.com/rust-lang/crates.io-index"
dependencies = [
 "autocfg 1.0.0 (registry+https://github.com/rust-lang/crates.io-index)",
]

[[package]]
name = "rustfft"
version = "3.0.1"
source = "registry+https://github.com/rust-lang/crates.io-index"
dependencies = [
 "num-complex 0.2.4 (registry+https://github.com/rust-lang/crates.io-index)",
 "num-integer 0.1.42 (registry+https://github.com/rust-lang/crates.io-index)",
 "num-traits 0.2.11 (registry+https://github.com/rust-lang/crates.io-index)",
 "strength_reduce 0.2.3 (registry+https://github.com/rust-lang/crates.io-index)",
 "transpose 0.1.0 (registry+https://github.com/rust-lang/crates.io-index)",
]

[[package]]
name = "strength_reduce"
version = "0.2.3"
source = "registry+https://github.com/rust-lang/crates.io-index"

[[package]]
name = "transpose"
version = "0.1.0"
source = "registry+https://github.com/rust-lang/crates.io-index"

[metadata]
"checksum autocfg 1.0.0 (registry+https://github.com/rust-lang/crates.io-index)" = "f8aac770f1885fd7e387acedd76065302551364496e46b3dd00860b2f8359b9d"
"checksum num-complex 0.2.4 (registry+https://github.com/rust-lang/crates.io-index)" = "b6b19411a9719e753aff12e5187b74d60d3dc449ec3f4dc21e3989c3f554bc95"
"checksum num-integer 0.1.42 (registry+https://github.com/rust-lang/crates.io-index)" = "3f6ea62e9d81a77cd3ee9a2a5b9b609447857f3d358704331e4ef39eb247fcba"
"checksum num-traits 0.2.11 (registry+https://github.com/rust-lang/crates.io-index)" = "c62be47e61d1842b9170f0fdeec8eba98e60e90e5446449a0545e5152acd7096"
"checksum rustfft 3.0.1 (registry+https://github.com/rust-lang/crates.io-index)" = "77008ed59a8923c8b4ac2e5eaa6d28fbe893d3b9515098a4a5fc7767d6430fe5"
"checksum strength_reduce 0.2.3 (registry+https://github.com/rust-lang/crates.io-index)" = "a3ff2f71c82567c565ba4b3009a9350a96a7269eaa4001ebedae926230bc2254"
"checksum transpose 0.1.0 (registry+https://github.com/rust-lang/crates.io-index)" = "643e21580bb0627c7bb09e5cedbb42c8705b19d012de593ed6b0309270b3cd1e"
